// !$*UTF8*$!
{
	archiveVersion = 1;
	classes = {
	};
	objectVersion = 46;
	objects = {

/* Begin PBXBuildFile section */
		7E06AFD01B54EAF700EEE93E /* AppDelegate.swift in Sources */ = {isa = PBXBuildFile; fileRef = 7E06AFCF1B54EAF700EEE93E /* AppDelegate.swift */; };
		7E06AFD21B54EAF700EEE93E /* ViewController.swift in Sources */ = {isa = PBXBuildFile; fileRef = 7E06AFD11B54EAF700EEE93E /* ViewController.swift */; };
		7E06AFD51B54EAF700EEE93E /* Main.storyboard in Resources */ = {isa = PBXBuildFile; fileRef = 7E06AFD31B54EAF700EEE93E /* Main.storyboard */; };
		7E06AFD71B54EAF700EEE93E /* Assets.xcassets in Resources */ = {isa = PBXBuildFile; fileRef = 7E06AFD61B54EAF700EEE93E /* Assets.xcassets */; };
		7E06AFDA1B54EAF700EEE93E /* LaunchScreen.storyboard in Resources */ = {isa = PBXBuildFile; fileRef = 7E06AFD81B54EAF700EEE93E /* LaunchScreen.storyboard */; };
		7E06AFEE1B54EB1F00EEE93E /* FMDatabase.m in Sources */ = {isa = PBXBuildFile; fileRef = 7E06AFE41B54EB1F00EEE93E /* FMDatabase.m */; };
		7E06AFEF1B54EB1F00EEE93E /* FMDatabaseAdditions.m in Sources */ = {isa = PBXBuildFile; fileRef = 7E06AFE61B54EB1F00EEE93E /* FMDatabaseAdditions.m */; };
		7E06AFF01B54EB1F00EEE93E /* FMDatabasePool.m in Sources */ = {isa = PBXBuildFile; fileRef = 7E06AFE81B54EB1F00EEE93E /* FMDatabasePool.m */; };
		7E06AFF11B54EB1F00EEE93E /* FMDatabaseQueue.m in Sources */ = {isa = PBXBuildFile; fileRef = 7E06AFEA1B54EB1F00EEE93E /* FMDatabaseQueue.m */; };
		7E06AFF21B54EB1F00EEE93E /* FMResultSet.m in Sources */ = {isa = PBXBuildFile; fileRef = 7E06AFED1B54EB1F00EEE93E /* FMResultSet.m */; };
		7E06AFF41B54EB4000EEE93E /* libsqlite3.0.tbd in Frameworks */ = {isa = PBXBuildFile; fileRef = 7E06AFF31B54EB4000EEE93E /* libsqlite3.0.tbd */; };
/* End PBXBuildFile section */

/* Begin PBXFileReference section */
		7E06AFCC1B54EAF700EEE93E /* ProvaCNSSwift2SQLite.app */ = {isa = PBXFileReference; explicitFileType = wrapper.application; includeInIndex = 0; path = ProvaCNSSwift2SQLite.app; sourceTree = BUILT_PRODUCTS_DIR; };
		7E06AFCF1B54EAF700EEE93E /* AppDelegate.swift */ = {isa = PBXFileReference; lastKnownFileType = sourcecode.swift; path = AppDelegate.swift; sourceTree = "<group>"; };
		7E06AFD11B54EAF700EEE93E /* ViewController.swift */ = {isa = PBXFileReference; lastKnownFileType = sourcecode.swift; path = ViewController.swift; sourceTree = "<group>"; };
		7E06AFD41B54EAF700EEE93E /* Base */ = {isa = PBXFileReference; lastKnownFileType = file.storyboard; name = Base; path = Base.lproj/Main.storyboard; sourceTree = "<group>"; };
		7E06AFD61B54EAF700EEE93E /* Assets.xcassets */ = {isa = PBXFileReference; lastKnownFileType = folder.assetcatalog; path = Assets.xcassets; sourceTree = "<group>"; };
		7E06AFD91B54EAF700EEE93E /* Base */ = {isa = PBXFileReference; lastKnownFileType = file.storyboard; name = Base; path = Base.lproj/LaunchScreen.storyboard; sourceTree = "<group>"; };
		7E06AFDB1B54EAF700EEE93E /* Info.plist */ = {isa = PBXFileReference; lastKnownFileType = text.plist.xml; path = Info.plist; sourceTree = "<group>"; };
		7E06AFE21B54EB1F00EEE93E /* ProvaCNSSwift2SQLite-Bridging-Header.h */ = {isa = PBXFileReference; lastKnownFileType = sourcecode.c.h; path = "ProvaCNSSwift2SQLite-Bridging-Header.h"; sourceTree = "<group>"; };
		7E06AFE31B54EB1F00EEE93E /* FMDatabase.h */ = {isa = PBXFileReference; fileEncoding = 4; lastKnownFileType = sourcecode.c.h; name = FMDatabase.h; path = ../../../../../VARIE/ProveCorpus/ProvaCNSSwiftSQLite/ProvaCNSSwiftSQLite/FMDatabase.h; sourceTree = "<group>"; };
		7E06AFE41B54EB1F00EEE93E /* FMDatabase.m */ = {isa = PBXFileReference; fileEncoding = 4; lastKnownFileType = sourcecode.c.objc; name = FMDatabase.m; path = ../../../../../VARIE/ProveCorpus/ProvaCNSSwiftSQLite/ProvaCNSSwiftSQLite/FMDatabase.m; sourceTree = "<group>"; };
		7E06AFE51B54EB1F00EEE93E /* FMDatabaseAdditions.h */ = {isa = PBXFileReference; fileEncoding = 4; lastKnownFileType = sourcecode.c.h; name = FMDatabaseAdditions.h; path = ../../../../../VARIE/ProveCorpus/ProvaCNSSwiftSQLite/ProvaCNSSwiftSQLite/FMDatabaseAdditions.h; sourceTree = "<group>"; };
		7E06AFE61B54EB1F00EEE93E /* FMDatabaseAdditions.m */ = {isa = PBXFileReference; fileEncoding = 4; lastKnownFileType = sourcecode.c.objc; name = FMDatabaseAdditions.m; path = ../../../../../VARIE/ProveCorpus/ProvaCNSSwiftSQLite/ProvaCNSSwiftSQLite/FMDatabaseAdditions.m; sourceTree = "<group>"; };
		7E06AFE71B54EB1F00EEE93E /* FMDatabasePool.h */ = {isa = PBXFileReference; fileEncoding = 4; lastKnownFileType = sourcecode.c.h; name = FMDatabasePool.h; path = ../../../../../VARIE/ProveCorpus/ProvaCNSSwiftSQLite/ProvaCNSSwiftSQLite/FMDatabasePool.h; sourceTree = "<group>"; };
		7E06AFE81B54EB1F00EEE93E /* FMDatabasePool.m */ = {isa = PBXFileReference; fileEncoding = 4; lastKnownFileType = sourcecode.c.objc; name = FMDatabasePool.m; path = ../../../../../VARIE/ProveCorpus/ProvaCNSSwiftSQLite/ProvaCNSSwiftSQLite/FMDatabasePool.m; sourceTree = "<group>"; };
		7E06AFE91B54EB1F00EEE93E /* FMDatabaseQueue.h */ = {isa = PBXFileReference; fileEncoding = 4; lastKnownFileType = sourcecode.c.h; name = FMDatabaseQueue.h; path = ../../../../../VARIE/ProveCorpus/ProvaCNSSwiftSQLite/ProvaCNSSwiftSQLite/FMDatabaseQueue.h; sourceTree = "<group>"; };
		7E06AFEA1B54EB1F00EEE93E /* FMDatabaseQueue.m */ = {isa = PBXFileReference; fileEncoding = 4; lastKnownFileType = sourcecode.c.objc; name = FMDatabaseQueue.m; path = ../../../../../VARIE/ProveCorpus/ProvaCNSSwiftSQLite/ProvaCNSSwiftSQLite/FMDatabaseQueue.m; sourceTree = "<group>"; };
		7E06AFEB1B54EB1F00EEE93E /* FMDB.h */ = {isa = PBXFileReference; fileEncoding = 4; lastKnownFileType = sourcecode.c.h; name = FMDB.h; path = ../../../../../VARIE/ProveCorpus/ProvaCNSSwiftSQLite/ProvaCNSSwiftSQLite/FMDB.h; sourceTree = "<group>"; };
		7E06AFEC1B54EB1F00EEE93E /* FMResultSet.h */ = {isa = PBXFileReference; fileEncoding = 4; lastKnownFileType = sourcecode.c.h; name = FMResultSet.h; path = ../../../../../VARIE/ProveCorpus/ProvaCNSSwiftSQLite/ProvaCNSSwiftSQLite/FMResultSet.h; sourceTree = "<group>"; };
		7E06AFED1B54EB1F00EEE93E /* FMResultSet.m */ = {isa = PBXFileReference; fileEncoding = 4; lastKnownFileType = sourcecode.c.objc; name = FMResultSet.m; path = ../../../../../VARIE/ProveCorpus/ProvaCNSSwiftSQLite/ProvaCNSSwiftSQLite/FMResultSet.m; sourceTree = "<group>"; };
		7E06AFF31B54EB4000EEE93E /* libsqlite3.0.tbd */ = {isa = PBXFileReference; lastKnownFileType = "sourcecode.text-based-dylib-definition"; name = libsqlite3.0.tbd; path = usr/lib/libsqlite3.0.tbd; sourceTree = SDKROOT; };
/* End PBXFileReference section */

/* Begin PBXFrameworksBuildPhase section */
		7E06AFC91B54EAF700EEE93E /* Frameworks */ = {
			isa = PBXFrameworksBuildPhase;
			buildActionMask = 2147483647;
			files = (
				7E06AFF41B54EB4000EEE93E /* libsqlite3.0.tbd in Frameworks */,
			);
			runOnlyForDeploymentPostprocessing = 0;
		};
/* End PBXFrameworksBuildPhase section */

/* Begin PBXGroup section */
		7E06AFC31B54EAF700EEE93E = {
			isa = PBXGroup;
			children = (
				7E06AFF31B54EB4000EEE93E /* libsqlite3.0.tbd */,
				7E06AFCE1B54EAF700EEE93E /* ProvaCNSSwift2SQLite */,
				7E06AFCD1B54EAF700EEE93E /* Products */,
			);
			sourceTree = "<group>";
		};
		7E06AFCD1B54EAF700EEE93E /* Products */ = {
			isa = PBXGroup;
			children = (
				7E06AFCC1B54EAF700EEE93E /* ProvaCNSSwift2SQLite.app */,
			);
			name = Products;
			sourceTree = "<group>";
		};
		7E06AFCE1B54EAF700EEE93E /* ProvaCNSSwift2SQLite */ = {
			isa = PBXGroup;
			children = (
				7E06AFE11B54EB0300EEE93E /* FMDB */,
				7E06AFCF1B54EAF700EEE93E /* AppDelegate.swift */,
				7E06AFD11B54EAF700EEE93E /* ViewController.swift */,
				7E06AFD31B54EAF700EEE93E /* Main.storyboard */,
				7E06AFD61B54EAF700EEE93E /* Assets.xcassets */,
				7E06AFD81B54EAF700EEE93E /* LaunchScreen.storyboard */,
				7E06AFDB1B54EAF700EEE93E /* Info.plist */,
			);
			path = ProvaCNSSwift2SQLite;
			sourceTree = "<group>";
		};
		7E06AFE11B54EB0300EEE93E /* FMDB */ = {
			isa = PBXGroup;
			children = (
				7E06AFE31B54EB1F00EEE93E /* FMDatabase.h */,
				7E06AFE41B54EB1F00EEE93E /* FMDatabase.m */,
				7E06AFE51B54EB1F00EEE93E /* FMDatabaseAdditions.h */,
				7E06AFE61B54EB1F00EEE93E /* FMDatabaseAdditions.m */,
				7E06AFE71B54EB1F00EEE93E /* FMDatabasePool.h */,
				7E06AFE81B54EB1F00EEE93E /* FMDatabasePool.m */,
				7E06AFE91B54EB1F00EEE93E /* FMDatabaseQueue.h */,
				7E06AFEA1B54EB1F00EEE93E /* FMDatabaseQueue.m */,
				7E06AFEB1B54EB1F00EEE93E /* FMDB.h */,
				7E06AFEC1B54EB1F00EEE93E /* FMResultSet.h */,
				7E06AFED1B54EB1F00EEE93E /* FMResultSet.m */,
				7E06AFE21B54EB1F00EEE93E /* ProvaCNSSwift2SQLite-Bridging-Header.h */,
			);
			name = FMDB;
			sourceTree = "<group>";
		};
/* End PBXGroup section */

/* Begin PBXNativeTarget section */
		7E06AFCB1B54EAF700EEE93E /* ProvaCNSSwift2SQLite */ = {
			isa = PBXNativeTarget;
			buildConfigurationList = 7E06AFDE1B54EAF700EEE93E /* Build configuration list for PBXNativeTarget "ProvaCNSSwift2SQLite" */;
			buildPhases = (
				7E06AFC81B54EAF700EEE93E /* Sources */,
				7E06AFC91B54EAF700EEE93E /* Frameworks */,
				7E06AFCA1B54EAF700EEE93E /* Resources */,
			);
			buildRules = (
			);
			dependencies = (
			);
			name = ProvaCNSSwift2SQLite;
			productName = ProvaCNSSwift2SQLite;
			productReference = 7E06AFCC1B54EAF700EEE93E /* ProvaCNSSwift2SQLite.app */;
			productType = "com.apple.product-type.application";
		};
/* End PBXNativeTarget section */

/* Begin PBXProject section */
		7E06AFC41B54EAF700EEE93E /* Project object */ = {
			isa = PBXProject;
			attributes = {
				LastSwiftUpdateCheck = 0700;
				LastUpgradeCheck = 0700;
				ORGANIZATIONNAME = "Alessandro Calciati";
				TargetAttributes = {
					7E06AFCB1B54EAF700EEE93E = {
						CreatedOnToolsVersion = 7.0;
					};
				};
			};
			buildConfigurationList = 7E06AFC71B54EAF700EEE93E /* Build configuration list for PBXProject "ProvaCNSSwift2SQLite" */;
			compatibilityVersion = "Xcode 3.2";
			developmentRegion = English;
			hasScannedForEncodings = 0;
			knownRegions = (
				en,
				Base,
			);
			mainGroup = 7E06AFC31B54EAF700EEE93E;
			productRefGroup = 7E06AFCD1B54EAF700EEE93E /* Products */;
			projectDirPath = "";
			projectRoot = "";
			targets = (
				7E06AFCB1B54EAF700EEE93E /* ProvaCNSSwift2SQLite */,
			);
		};
/* End PBXProject section */

/* Begin PBXResourcesBuildPhase section */
		7E06AFCA1B54EAF700EEE93E /* Resources */ = {
			isa = PBXResourcesBuildPhase;
			buildActionMask = 2147483647;
			files = (
				7E06AFDA1B54EAF700EEE93E /* LaunchScreen.storyboard in Resources */,
				7E06AFD71B54EAF700EEE93E /* Assets.xcassets in Resources */,
				7E06AFD51B54EAF700EEE93E /* Main.storyboard in Resources */,
			);
			runOnlyForDeploymentPostprocessing = 0;
		};
/* End PBXResourcesBuildPhase section */

/* Begin PBXSourcesBuildPhase section */
		7E06AFC81B54EAF700EEE93E /* Sources */ = {
			isa = PBXSourcesBuildPhase;
			buildActionMask = 2147483647;
			files = (
				7E06AFEE1B54EB1F00EEE93E /* FMDatabase.m in Sources */,
				7E06AFD21B54EAF700EEE93E /* ViewController.swift in Sources */,
				7E06AFF21B54EB1F00EEE93E /* FMResultSet.m in Sources */,
				7E06AFF01B54EB1F00EEE93E /* FMDatabasePool.m in Sources */,
				7E06AFD01B54EAF700EEE93E /* AppDelegate.swift in Sources */,
				7E06AFEF1B54EB1F00EEE93E /* FMDatabaseAdditions.m in Sources */,
				7E06AFF11B54EB1F00EEE93E /* FMDatabaseQueue.m in Sources */,
			);
			runOnlyForDeploymentPostprocessing = 0;
		};
/* End PBXSourcesBuildPhase section */

/* Begin PBXVariantGroup section */
		7E06AFD31B54EAF700EEE93E /* Main.storyboard */ = {
			isa = PBXVariantGroup;
			children = (
				7E06AFD41B54EAF700EEE93E /* Base */,
			);
			name = Main.storyboard;
			sourceTree = "<group>";
		};
		7E06AFD81B54EAF700EEE93E /* LaunchScreen.storyboard */ = {
			isa = PBXVariantGroup;
			children = (
				7E06AFD91B54EAF700EEE93E /* Base */,
			);
			name = LaunchScreen.storyboard;
			sourceTree = "<group>";
		};
/* End PBXVariantGroup section */

/* Begin XCBuildConfiguration section */
		7E06AFDC1B54EAF700EEE93E /* Debug */ = {
			isa = XCBuildConfiguration;
			buildSettings = {
				ALWAYS_SEARCH_USER_PATHS = NO;
				CLANG_CXX_LANGUAGE_STANDARD = "gnu++0x";
				CLANG_CXX_LIBRARY = "libc++";
				CLANG_ENABLE_MODULES = YES;
				CLANG_ENABLE_OBJC_ARC = YES;
				CLANG_WARN_BOOL_CONVERSION = YES;
				CLANG_WARN_CONSTANT_CONVERSION = YES;
				CLANG_WARN_DIRECT_OBJC_ISA_USAGE = YES_ERROR;
				CLANG_WARN_EMPTY_BODY = YES;
				CLANG_WARN_ENUM_CONVERSION = YES;
				CLANG_WARN_INT_CONVERSION = YES;
				CLANG_WARN_OBJC_ROOT_CLASS = YES_ERROR;
				CLANG_WARN_UNREACHABLE_CODE = YES;
				CLANG_WARN__DUPLICATE_METHOD_MATCH = YES;
				"CODE_SIGN_IDENTITY[sdk=iphoneos*]" = "iPhone Developer";
				COPY_PHASE_STRIP = NO;
				DEBUG_INFORMATION_FORMAT = dwarf;
				ENABLE_STRICT_OBJC_MSGSEND = YES;
				ENABLE_TESTABILITY = YES;
				GCC_C_LANGUAGE_STANDARD = gnu99;
				GCC_DYNAMIC_NO_PIC = NO;
				GCC_NO_COMMON_BLOCKS = YES;
				GCC_OPTIMIZATION_LEVEL = 0;
				GCC_PREPROCESSOR_DEFINITIONS = (
					"DEBUG=1",
					"$(inherited)",
				);
				GCC_WARN_64_TO_32_BIT_CONVERSION = YES;
				GCC_WARN_ABOUT_RETURN_TYPE = YES_ERROR;
				GCC_WARN_UNDECLARED_SELECTOR = YES;
				GCC_WARN_UNINITIALIZED_AUTOS = YES_AGGRESSIVE;
				GCC_WARN_UNUSED_FUNCTION = YES;
				GCC_WARN_UNUSED_VARIABLE = YES;
				IPHONEOS_DEPLOYMENT_TARGET = 9.0;
				MTL_ENABLE_DEBUG_INFO = YES;
				ONLY_ACTIVE_ARCH = YES;
				SDKROOT = iphoneos;
				SWIFT_OPTIMIZATION_LEVEL = "-Onone";
				TARGETED_DEVICE_FAMILY = "1,2";
			};
			name = Debug;
		};
		7E06AFDD1B54EAF700EEE93E /* Release */ = {
			isa = XCBuildConfiguration;
			buildSettings = {
				ALWAYS_SEARCH_USER_PATHS = NO;
				CLANG_CXX_LANGUAGE_STANDARD = "gnu++0x";
				CLANG_CXX_LIBRARY = "libc++";
				CLANG_ENABLE_MODULES = YES;
				CLANG_ENABLE_OBJC_ARC = YES;
				CLANG_WARN_BOOL_CONVERSION = YES;
				CLANG_WARN_CONSTANT_CONVERSION = YES;
				CLANG_WARN_DIRECT_OBJC_ISA_USAGE = YES_ERROR;
				CLANG_WARN_EMPTY_BODY = YES;
				CLANG_WARN_ENUM_CONVERSION = YES;
				CLANG_WARN_INT_CONVERSION = YES;
				CLANG_WARN_OBJC_ROOT_CLASS = YES_ERROR;
				CLANG_WARN_UNREACHABLE_CODE = YES;
				CLANG_WARN__DUPLICATE_METHOD_MATCH = YES;
				"CODE_SIGN_IDENTITY[sdk=iphoneos*]" = "iPhone Developer";
				COPY_PHASE_STRIP = NO;
				DEBUG_INFORMATION_FORMAT = "dwarf-with-dsym";
				ENABLE_NS_ASSERTIONS = NO;
				ENABLE_STRICT_OBJC_MSGSEND = YES;
				GCC_C_LANGUAGE_STANDARD = gnu99;
				GCC_NO_COMMON_BLOCKS = YES;
				GCC_WARN_64_TO_32_BIT_CONVERSION = YES;
				GCC_WARN_ABOUT_RETURN_TYPE = YES_ERROR;
				GCC_WARN_UNDECLARED_SELECTOR = YES;
				GCC_WARN_UNINITIALIZED_AUTOS = YES_AGGRESSIVE;
				GCC_WARN_UNUSED_FUNCTION = YES;
				GCC_WARN_UNUSED_VARIABLE = YES;
				IPHONEOS_DEPLOYMENT_TARGET = 9.0;
				MTL_ENABLE_DEBUG_INFO = NO;
				SDKROOT = iphoneos;
				TARGETED_DEVICE_FAMILY = "1,2";
				VALIDATE_PRODUCT = YES;
			};
			name = Release;
		};
		7E06AFDF1B54EAF700EEE93E /* Debug */ = {
			isa = XCBuildConfiguration;
			buildSettings = {
				ASSETCATALOG_COMPILER_APPICON_NAME = AppIcon;
				CLANG_ENABLE_MODULES = YES;
				INFOPLIST_FILE = ProvaCNSSwift2SQLite/Info.plist;
				LD_RUNPATH_SEARCH_PATHS = "$(inherited) @executable_path/Frameworks";
				PRODUCT_BUNDLE_IDENTIFIER = com.calciati.ProvaCNSSwift2SQLite;
				PRODUCT_NAME = "$(TARGET_NAME)";
				SWIFT_OBJC_BRIDGING_HEADER = "ProvaCNSSwift2SQLite/ProvaCNSSwift2SQLite-Bridging-Header.h";
				SWIFT_OPTIMIZATION_LEVEL = "-Onone";
			};
			name = Debug;
		};
		7E06AFE01B54EAF700EEE93E /* Release */ = {
			isa = XCBuildConfiguration;
			buildSettings = {
				ASSETCATALOG_COMPILER_APPICON_NAME = AppIcon;
				CLANG_ENABLE_MODULES = YES;
				INFOPLIST_FILE = ProvaCNSSwift2SQLite/Info.plist;
				LD_RUNPATH_SEARCH_PATHS = "$(inherited) @executable_path/Frameworks";
				PRODUCT_BUNDLE_IDENTIFIER = com.calciati.ProvaCNSSwift2SQLite;
				PRODUCT_NAME = "$(TARGET_NAME)";
				SWIFT_OBJC_BRIDGING_HEADER = "ProvaCNSSwift2SQLite/ProvaCNSSwift2SQLite-Bridging-Header.h";
			};
			name = Release;
		};
/* End XCBuildConfiguration section */

/* Begin XCConfigurationList section */
		7E06AFC71B54EAF700EEE93E /* Build configuration list for PBXProject "ProvaCNSSwift2SQLite" */ = {
			isa = XCConfigurationList;
			buildConfigurations = (
				7E06AFDC1B54EAF700EEE93E /* Debug */,
				7E06AFDD1B54EAF700EEE93E /* Release */,
			);
			defaultConfigurationIsVisible = 0;
			defaultConfigurationName = Release;
		};
		7E06AFDE1B54EAF700EEE93E /* Build configuration list for PBXNativeTarget "ProvaCNSSwift2SQLite" */ = {
			isa = XCConfigurationList;
			buildConfigurations = (
				7E06AFDF1B54EAF700EEE93E /* Debug */,
				7E06AFE01B54EAF700EEE93E /* Release */,
			);
			defaultConfigurationIsVisible = 0;
		};
/* End XCConfigurationList section */
	};
	rootObject = 7E06AFC41B54EAF700EEE93E /* Project object */;
}
